
Microsoft Visual Studio Solution File, Format Version 12.00
# Visual Studio Version 16
VisualStudioVersion = 16.0.28407.52
MinimumVisualStudioVersion = 10.0.40219.1
Project("{FAE04EC0-301F-11D3-BF4B-00C04F79EFBC}") = "IBLVM-Libaray", "IBLVM-Libaray\IBLVM-Libaray.csproj", "{1F042069-73BC-4CAC-A331-181C190CED10}"
EndProject
Project("{FAE04EC0-301F-11D3-BF4B-00C04F79EFBC}") = "IBLVM-Tests", "IBLVM-Tests\IBLVM-Tests.csproj", "{E30BCD92-3F91-47C8-82F3-65E9866163AD}"
EndProject
Project("{FAE04EC0-301F-11D3-BF4B-00C04F79EFBC}") = "IBLVM-Client", "IBLVM-Client\IBLVM-Client.csproj", "{A476D869-1536-4CBD-B87D-D46186039C4C}"
EndProject
Project("{FAE04EC0-301F-11D3-BF4B-00C04F79EFBC}") = "IBLVM-Server", "IBLVM-Server\IBLVM-Server.csproj", "{09C7C586-AA7C-4DCE-8469-2F014D289306}"
EndProject
Project("{FAE04EC0-301F-11D3-BF4B-00C04F79EFBC}") = "IBLVM-Util", "IBLVM-Util\IBLVM-Util.csproj", "{5036B510-C2C2-46F1-BD1D-9E2361B2CBC3}"
EndProject
Global
	GlobalSection(SolutionConfigurationPlatforms) = preSolution
		Debug|Any CPU = Debug|Any CPU
		Release|Any CPU = Release|Any CPU
	EndGlobalSection
	GlobalSection(ProjectConfigurationPlatforms) = postSolution
		{1F042069-73BC-4CAC-A331-181C190CED10}.Debug|Any CPU.ActiveCfg = Debug|Any CPU
		{1F042069-73BC-4CAC-A331-181C190CED10}.Debug|Any CPU.Build.0 = Debug|Any CPU
		{1F042069-73BC-4CAC-A331-181C190CED10}.Release|Any CPU.ActiveCfg = Release|Any CPU
		{1F042069-73BC-4CAC-A331-181C190CED10}.Release|Any CPU.Build.0 = Release|Any CPU
		{E30BCD92-3F91-47C8-82F3-65E9866163AD}.Debug|Any CPU.ActiveCfg = Debug|Any CPU
		{E30BCD92-3F91-47C8-82F3-65E9866163AD}.Debug|Any CPU.Build.0 = Debug|Any CPU
		{E30BCD92-3F91-47C8-82F3-65E9866163AD}.Release|Any CPU.ActiveCfg = Release|Any CPU
		{E30BCD92-3F91-47C8-82F3-65E9866163AD}.Release|Any CPU.Build.0 = Release|Any CPU
		{A476D869-1536-4CBD-B87D-D46186039C4C}.Debug|Any CPU.ActiveCfg = Debug|Any CPU
		{A476D869-1536-4CBD-B87D-D46186039C4C}.Debug|Any CPU.Build.0 = Debug|Any CPU
		{A476D869-1536-4CBD-B87D-D46186039C4C}.Release|Any CPU.ActiveCfg = Release|Any CPU
		{A476D869-1536-4CBD-B87D-D46186039C4C}.Release|Any CPU.Build.0 = Release|Any CPU
		{09C7C586-AA7C-4DCE-8469-2F014D289306}.Debug|Any CPU.ActiveCfg = Debug|Any CPU
		{09C7C586-AA7C-4DCE-8469-2F014D289306}.Debug|Any CPU.Build.0 = Debug|Any CPU
		{09C7C586-AA7C-4DCE-8469-2F014D289306}.Release|Any CPU.ActiveCfg = Release|Any CPU
		{09C7C586-AA7C-4DCE-8469-2F014D289306}.Release|Any CPU.Build.0 = Release|Any CPU
		{5036B510-C2C2-46F1-BD1D-9E2361B2CBC3}.Debug|Any CPU.ActiveCfg = Debug|Any CPU
		{5036B510-C2C2-46F1-BD1D-9E2361B2CBC3}.Debug|Any CPU.Build.0 = Debug|Any CPU
		{5036B510-C2C2-46F1-BD1D-9E2361B2CBC3}.Release|Any CPU.ActiveCfg = Release|Any CPU
		{5036B510-C2C2-46F1-BD1D-9E2361B2CBC3}.Release|Any CPU.Build.0 = Release|Any CPU
	EndGlobalSection
	GlobalSection(SolutionProperties) = preSolution
		HideSolutionNode = FALSE
	EndGlobalSection
	GlobalSection(ExtensibilityGlobals) = postSolution
		SolutionGuid = {51EEEE5E-6BBB-42E6-A00E-2341F4FD578A}
	EndGlobalSection
EndGlobal
